
Microsoft Visual Studio Solution File, Format Version 12.00
# Visual Studio Version 16
VisualStudioVersion = 16.0.29215.179
MinimumVisualStudioVersion = 10.0.40219.1
Project("{FAE04EC0-301F-11D3-BF4B-00C04F79EFBC}") = "ReadingBytes", "ReadingBytes\ReadingBytes.csproj", "{7D07E59A-A075-4F32-9987-831870F14546}"
EndProject
Global
	GlobalSection(SolutionConfigurationPlatforms) = preSolution
		Debug|Any CPU = Debug|Any CPU
		Release|Any CPU = Release|Any CPU
	EndGlobalSection
	GlobalSection(ProjectConfigurationPlatforms) = postSolution
		{7D07E59A-A075-4F32-9987-831870F14546}.Debug|Any CPU.ActiveCfg = Debug|Any CPU
		{7D07E59A-A075-4F32-9987-831870F14546}.Debug|Any CPU.Build.0 = Debug|Any CPU
		{7D07E59A-A075-4F32-9987-831870F14546}.Release|Any CPU.ActiveCfg = Release|Any CPU
		{7D07E59A-A075-4F32-9987-831870F14546}.Release|Any CPU.Build.0 = Release|Any CPU
	EndGlobalSection
	GlobalSection(SolutionProperties) = preSolution
		HideSolutionNode = FALSE
	EndGlobalSection
	GlobalSection(ExtensibilityGlobals) = postSolution
		SolutionGuid = {97FBDD69-9AF1-45E3-9FEA-D250F5BFF821}
	EndGlobalSection
EndGlobal
